
Microsoft Visual Studio Solution File, Format Version 12.00
# Visual Studio 2013
VisualStudioVersion = 12.0.21005.1
MinimumVisualStudioVersion = 10.0.40219.1
Project("{FAE04EC0-301F-11D3-BF4B-00C04F79EFBC}") = "Persentation", "Persentation\Persentation.csproj", "{DD0B074D-9A0E-4E6A-B5B7-34DB854D3FA5}"
EndProject
Project("{FAE04EC0-301F-11D3-BF4B-00C04F79EFBC}") = "BUS", "BUS\BUS.csproj", "{9581B0C7-B992-4653-AAE6-36F48E3F737E}"
EndProject
Project("{FAE04EC0-301F-11D3-BF4B-00C04F79EFBC}") = "DAO", "DAO\DAO.csproj", "{309F20B3-12DB-4E77-9DE5-D91047621C18}"
EndProject
Project("{FAE04EC0-301F-11D3-BF4B-00C04F79EFBC}") = "DTO", "DTO\DTO.csproj", "{4218C5B7-0EBF-4E8D-B431-D00D6389AB73}"
EndProject
Global
	GlobalSection(SolutionConfigurationPlatforms) = preSolution
		Debug|Any CPU = Debug|Any CPU
		Release|Any CPU = Release|Any CPU
	EndGlobalSection
	GlobalSection(ProjectConfigurationPlatforms) = postSolution
		{DD0B074D-9A0E-4E6A-B5B7-34DB854D3FA5}.Debug|Any CPU.ActiveCfg = Debug|Any CPU
		{DD0B074D-9A0E-4E6A-B5B7-34DB854D3FA5}.Debug|Any CPU.Build.0 = Debug|Any CPU
		{DD0B074D-9A0E-4E6A-B5B7-34DB854D3FA5}.Release|Any CPU.ActiveCfg = Release|Any CPU
		{DD0B074D-9A0E-4E6A-B5B7-34DB854D3FA5}.Release|Any CPU.Build.0 = Release|Any CPU
		{9581B0C7-B992-4653-AAE6-36F48E3F737E}.Debug|Any CPU.ActiveCfg = Debug|Any CPU
		{9581B0C7-B992-4653-AAE6-36F48E3F737E}.Debug|Any CPU.Build.0 = Debug|Any CPU
		{9581B0C7-B992-4653-AAE6-36F48E3F737E}.Release|Any CPU.ActiveCfg = Release|Any CPU
		{9581B0C7-B992-4653-AAE6-36F48E3F737E}.Release|Any CPU.Build.0 = Release|Any CPU
		{309F20B3-12DB-4E77-9DE5-D91047621C18}.Debug|Any CPU.ActiveCfg = Debug|Any CPU
		{309F20B3-12DB-4E77-9DE5-D91047621C18}.Debug|Any CPU.Build.0 = Debug|Any CPU
		{309F20B3-12DB-4E77-9DE5-D91047621C18}.Release|Any CPU.ActiveCfg = Release|Any CPU
		{309F20B3-12DB-4E77-9DE5-D91047621C18}.Release|Any CPU.Build.0 = Release|Any CPU
		{4218C5B7-0EBF-4E8D-B431-D00D6389AB73}.Debug|Any CPU.ActiveCfg = Debug|Any CPU
		{4218C5B7-0EBF-4E8D-B431-D00D6389AB73}.Debug|Any CPU.Build.0 = Debug|Any CPU
		{4218C5B7-0EBF-4E8D-B431-D00D6389AB73}.Release|Any CPU.ActiveCfg = Release|Any CPU
		{4218C5B7-0EBF-4E8D-B431-D00D6389AB73}.Release|Any CPU.Build.0 = Release|Any CPU
	EndGlobalSection
	GlobalSection(SolutionProperties) = preSolution
		HideSolutionNode = FALSE
	EndGlobalSection
EndGlobal
