
Microsoft Visual Studio Solution File, Format Version 12.00
# Visual Studio 2012
Project("{FAE04EC0-301F-11D3-BF4B-00C04F79EFBC}") = "Presentation", "DesignSIMS\Presentation.csproj", "{C25F0C7C-AC22-4790-8EFA-93C0BB878F89}"
EndProject
Project("{FAE04EC0-301F-11D3-BF4B-00C04F79EFBC}") = "BLL", "BLL\BLL.csproj", "{A1CA6384-9C15-4749-A280-EE9D260E302C}"
EndProject
Project("{FAE04EC0-301F-11D3-BF4B-00C04F79EFBC}") = "DAL", "DAL\DAL.csproj", "{2F39F7BB-F459-4AC6-98CB-5AFFD318209D}"
EndProject
Project("{6141683F-8A12-4E36-9623-2EB02B2C2303}") = "SetupSIMS", "SetupSIMS\SetupSIMS.isproj", "{1BD99E7B-05C8-42B4-BC66-AA77D17A284A}"
	ProjectSection(ProjectDependencies) = postProject
		{C25F0C7C-AC22-4790-8EFA-93C0BB878F89} = {C25F0C7C-AC22-4790-8EFA-93C0BB878F89}
	EndProjectSection
EndProject
Project("{6141683F-8A12-4E36-9623-2EB02B2C2303}") = "Setup_SIMS", "Setup_SIMS\Setup_SIMS.isproj", "{F50C0CBB-04E5-4BD6-9DCA-A5B7BF0BEF60}"
	ProjectSection(ProjectDependencies) = postProject
		{C25F0C7C-AC22-4790-8EFA-93C0BB878F89} = {C25F0C7C-AC22-4790-8EFA-93C0BB878F89}
	EndProjectSection
EndProject
Project("{6141683F-8A12-4E36-9623-2EB02B2C2303}") = "Setup3", "Setup3\Setup3.isproj", "{0B60D238-B94F-450C-900B-9725F27C0CCB}"
	ProjectSection(ProjectDependencies) = postProject
		{C25F0C7C-AC22-4790-8EFA-93C0BB878F89} = {C25F0C7C-AC22-4790-8EFA-93C0BB878F89}
	EndProjectSection
EndProject
Global
	GlobalSection(SolutionConfigurationPlatforms) = preSolution
		CD_ROM|Any CPU = CD_ROM|Any CPU
		Debug|Any CPU = Debug|Any CPU
		DVD-5|Any CPU = DVD-5|Any CPU
		Release|Any CPU = Release|Any CPU
		SingleImage|Any CPU = SingleImage|Any CPU
	EndGlobalSection
	GlobalSection(ProjectConfigurationPlatforms) = postSolution
		{C25F0C7C-AC22-4790-8EFA-93C0BB878F89}.CD_ROM|Any CPU.ActiveCfg = Release|Any CPU
		{C25F0C7C-AC22-4790-8EFA-93C0BB878F89}.CD_ROM|Any CPU.Build.0 = Release|Any CPU
		{C25F0C7C-AC22-4790-8EFA-93C0BB878F89}.Debug|Any CPU.ActiveCfg = Debug|Any CPU
		{C25F0C7C-AC22-4790-8EFA-93C0BB878F89}.Debug|Any CPU.Build.0 = Debug|Any CPU
		{C25F0C7C-AC22-4790-8EFA-93C0BB878F89}.DVD-5|Any CPU.ActiveCfg = Debug|Any CPU
		{C25F0C7C-AC22-4790-8EFA-93C0BB878F89}.DVD-5|Any CPU.Build.0 = Debug|Any CPU
		{C25F0C7C-AC22-4790-8EFA-93C0BB878F89}.Release|Any CPU.ActiveCfg = Release|Any CPU
		{C25F0C7C-AC22-4790-8EFA-93C0BB878F89}.Release|Any CPU.Build.0 = Release|Any CPU
		{C25F0C7C-AC22-4790-8EFA-93C0BB878F89}.SingleImage|Any CPU.ActiveCfg = Release|Any CPU
		{C25F0C7C-AC22-4790-8EFA-93C0BB878F89}.SingleImage|Any CPU.Build.0 = Release|Any CPU
		{A1CA6384-9C15-4749-A280-EE9D260E302C}.CD_ROM|Any CPU.ActiveCfg = Release|Any CPU
		{A1CA6384-9C15-4749-A280-EE9D260E302C}.CD_ROM|Any CPU.Build.0 = Release|Any CPU
		{A1CA6384-9C15-4749-A280-EE9D260E302C}.Debug|Any CPU.ActiveCfg = Debug|Any CPU
		{A1CA6384-9C15-4749-A280-EE9D260E302C}.Debug|Any CPU.Build.0 = Debug|Any CPU
		{A1CA6384-9C15-4749-A280-EE9D260E302C}.DVD-5|Any CPU.ActiveCfg = Debug|Any CPU
		{A1CA6384-9C15-4749-A280-EE9D260E302C}.DVD-5|Any CPU.Build.0 = Debug|Any CPU
		{A1CA6384-9C15-4749-A280-EE9D260E302C}.Release|Any CPU.ActiveCfg = Release|Any CPU
		{A1CA6384-9C15-4749-A280-EE9D260E302C}.Release|Any CPU.Build.0 = Release|Any CPU
		{A1CA6384-9C15-4749-A280-EE9D260E302C}.SingleImage|Any CPU.ActiveCfg = Release|Any CPU
		{A1CA6384-9C15-4749-A280-EE9D260E302C}.SingleImage|Any CPU.Build.0 = Release|Any CPU
		{2F39F7BB-F459-4AC6-98CB-5AFFD318209D}.CD_ROM|Any CPU.ActiveCfg = Release|Any CPU
		{2F39F7BB-F459-4AC6-98CB-5AFFD318209D}.CD_ROM|Any CPU.Build.0 = Release|Any CPU
		{2F39F7BB-F459-4AC6-98CB-5AFFD318209D}.Debug|Any CPU.ActiveCfg = Debug|Any CPU
		{2F39F7BB-F459-4AC6-98CB-5AFFD318209D}.Debug|Any CPU.Build.0 = Debug|Any CPU
		{2F39F7BB-F459-4AC6-98CB-5AFFD318209D}.DVD-5|Any CPU.ActiveCfg = Debug|Any CPU
		{2F39F7BB-F459-4AC6-98CB-5AFFD318209D}.DVD-5|Any CPU.Build.0 = Debug|Any CPU
		{2F39F7BB-F459-4AC6-98CB-5AFFD318209D}.Release|Any CPU.ActiveCfg = Release|Any CPU
		{2F39F7BB-F459-4AC6-98CB-5AFFD318209D}.Release|Any CPU.Build.0 = Release|Any CPU
		{2F39F7BB-F459-4AC6-98CB-5AFFD318209D}.SingleImage|Any CPU.ActiveCfg = Release|Any CPU
		{2F39F7BB-F459-4AC6-98CB-5AFFD318209D}.SingleImage|Any CPU.Build.0 = Release|Any CPU
		{1BD99E7B-05C8-42B4-BC66-AA77D17A284A}.CD_ROM|Any CPU.ActiveCfg = CD_ROM
		{1BD99E7B-05C8-42B4-BC66-AA77D17A284A}.CD_ROM|Any CPU.Build.0 = CD_ROM
		{1BD99E7B-05C8-42B4-BC66-AA77D17A284A}.Debug|Any CPU.ActiveCfg = DVD-5
		{1BD99E7B-05C8-42B4-BC66-AA77D17A284A}.Debug|Any CPU.Build.0 = DVD-5
		{1BD99E7B-05C8-42B4-BC66-AA77D17A284A}.DVD-5|Any CPU.ActiveCfg = DVD-5
		{1BD99E7B-05C8-42B4-BC66-AA77D17A284A}.DVD-5|Any CPU.Build.0 = DVD-5
		{1BD99E7B-05C8-42B4-BC66-AA77D17A284A}.Release|Any CPU.ActiveCfg = SingleImage
		{1BD99E7B-05C8-42B4-BC66-AA77D17A284A}.Release|Any CPU.Build.0 = SingleImage
		{1BD99E7B-05C8-42B4-BC66-AA77D17A284A}.SingleImage|Any CPU.ActiveCfg = SingleImage
		{1BD99E7B-05C8-42B4-BC66-AA77D17A284A}.SingleImage|Any CPU.Build.0 = SingleImage
		{F50C0CBB-04E5-4BD6-9DCA-A5B7BF0BEF60}.CD_ROM|Any CPU.ActiveCfg = CD_ROM
		{F50C0CBB-04E5-4BD6-9DCA-A5B7BF0BEF60}.CD_ROM|Any CPU.Build.0 = CD_ROM
		{F50C0CBB-04E5-4BD6-9DCA-A5B7BF0BEF60}.Debug|Any CPU.ActiveCfg = DVD-5
		{F50C0CBB-04E5-4BD6-9DCA-A5B7BF0BEF60}.Debug|Any CPU.Build.0 = DVD-5
		{F50C0CBB-04E5-4BD6-9DCA-A5B7BF0BEF60}.DVD-5|Any CPU.ActiveCfg = DVD-5
		{F50C0CBB-04E5-4BD6-9DCA-A5B7BF0BEF60}.DVD-5|Any CPU.Build.0 = DVD-5
		{F50C0CBB-04E5-4BD6-9DCA-A5B7BF0BEF60}.Release|Any CPU.ActiveCfg = SingleImage
		{F50C0CBB-04E5-4BD6-9DCA-A5B7BF0BEF60}.Release|Any CPU.Build.0 = SingleImage
		{F50C0CBB-04E5-4BD6-9DCA-A5B7BF0BEF60}.SingleImage|Any CPU.ActiveCfg = SingleImage
		{F50C0CBB-04E5-4BD6-9DCA-A5B7BF0BEF60}.SingleImage|Any CPU.Build.0 = SingleImage
		{0B60D238-B94F-450C-900B-9725F27C0CCB}.CD_ROM|Any CPU.ActiveCfg = CD_ROM
		{0B60D238-B94F-450C-900B-9725F27C0CCB}.CD_ROM|Any CPU.Build.0 = CD_ROM
		{0B60D238-B94F-450C-900B-9725F27C0CCB}.Debug|Any CPU.ActiveCfg = DVD-5
		{0B60D238-B94F-450C-900B-9725F27C0CCB}.Debug|Any CPU.Build.0 = DVD-5
		{0B60D238-B94F-450C-900B-9725F27C0CCB}.DVD-5|Any CPU.ActiveCfg = DVD-5
		{0B60D238-B94F-450C-900B-9725F27C0CCB}.DVD-5|Any CPU.Build.0 = DVD-5
		{0B60D238-B94F-450C-900B-9725F27C0CCB}.Release|Any CPU.ActiveCfg = SingleImage
		{0B60D238-B94F-450C-900B-9725F27C0CCB}.Release|Any CPU.Build.0 = SingleImage
		{0B60D238-B94F-450C-900B-9725F27C0CCB}.SingleImage|Any CPU.ActiveCfg = SingleImage
		{0B60D238-B94F-450C-900B-9725F27C0CCB}.SingleImage|Any CPU.Build.0 = SingleImage
	EndGlobalSection
	GlobalSection(SolutionProperties) = preSolution
		HideSolutionNode = FALSE
	EndGlobalSection
EndGlobal
